
Microsoft Visual Studio Solution File, Format Version 12.00
# Visual Studio Version 17
VisualStudioVersion = 17.5.33627.172
MinimumVisualStudioVersion = 10.0.40219.1
Project("{9A19103F-16F7-4668-BE54-9A1E7A4F7556}") = "CodeAnalysis", "src\CodeAnalysis\CodeAnalysis.csproj", "{3B2B2188-6D9C-4DD5-8994-CB448B86116A}"
EndProject
Project("{9A19103F-16F7-4668-BE54-9A1E7A4F7556}") = "CodeAnalysis.Tests", "tests\CodeAnalysis.Tests\CodeAnalysis.Tests.csproj", "{510E6478-5BD0-4C37-83CE-89BD04B988E9}"
EndProject
Project("{2150E333-8FDC-42A3-9474-1A3956D46DE8}") = "SolutionItems", "SolutionItems", "{4F194C81-BBF1-4AA4-B413-A3FD30AC2C04}"
	ProjectSection(SolutionItems) = preProject
		.gitattributes = .gitattributes
		.gitignore = .gitignore
		Directory.Build.props = Directory.Build.props
		Directory.Packages.props = Directory.Packages.props
		LICENSE.txt = LICENSE.txt
		README.md = README.md
	EndProjectSection
EndProject
Global
	GlobalSection(SolutionConfigurationPlatforms) = preSolution
		Debug|Any CPU = Debug|Any CPU
		Release|Any CPU = Release|Any CPU
	EndGlobalSection
	GlobalSection(ProjectConfigurationPlatforms) = postSolution
		{3B2B2188-6D9C-4DD5-8994-CB448B86116A}.Debug|Any CPU.ActiveCfg = Debug|Any CPU
		{3B2B2188-6D9C-4DD5-8994-CB448B86116A}.Debug|Any CPU.Build.0 = Debug|Any CPU
		{3B2B2188-6D9C-4DD5-8994-CB448B86116A}.Release|Any CPU.ActiveCfg = Release|Any CPU
		{3B2B2188-6D9C-4DD5-8994-CB448B86116A}.Release|Any CPU.Build.0 = Release|Any CPU
		{510E6478-5BD0-4C37-83CE-89BD04B988E9}.Debug|Any CPU.ActiveCfg = Debug|Any CPU
		{510E6478-5BD0-4C37-83CE-89BD04B988E9}.Debug|Any CPU.Build.0 = Debug|Any CPU
		{510E6478-5BD0-4C37-83CE-89BD04B988E9}.Release|Any CPU.ActiveCfg = Release|Any CPU
		{510E6478-5BD0-4C37-83CE-89BD04B988E9}.Release|Any CPU.Build.0 = Release|Any CPU
	EndGlobalSection
	GlobalSection(SolutionProperties) = preSolution
		HideSolutionNode = FALSE
	EndGlobalSection
	GlobalSection(ExtensibilityGlobals) = postSolution
		SolutionGuid = {FA2B1FB1-E041-4371-9B2C-1DEA21DC7CD3}
	EndGlobalSection
EndGlobal
