
Microsoft Visual Studio Solution File, Format Version 12.00
# Visual Studio Version 17
VisualStudioVersion = 17.5.33627.172
MinimumVisualStudioVersion = 10.0.40219.1
Project("{9A19103F-16F7-4668-BE54-9A1E7A4F7556}") = "CodeAnalysis", "CodeAnalysis\CodeAnalysis.csproj", "{FB107B2D-AB90-4542-A148-20FC1825B5CD}"
EndProject
Project("{9A19103F-16F7-4668-BE54-9A1E7A4F7556}") = "Repl", "Repl\Repl.csproj", "{52FDDE6C-E854-4D05-A28A-9185727C61C3}"
EndProject
Project("{FAE04EC0-301F-11D3-BF4B-00C04F79EFBC}") = "Tests", "Tests\Tests.csproj", "{36D4109A-D2D3-46D6-8533-78A0F0E255F4}"
EndProject
Global
	GlobalSection(SolutionConfigurationPlatforms) = preSolution
		Debug|Any CPU = Debug|Any CPU
		Release|Any CPU = Release|Any CPU
	EndGlobalSection
	GlobalSection(ProjectConfigurationPlatforms) = postSolution
		{FB107B2D-AB90-4542-A148-20FC1825B5CD}.Debug|Any CPU.ActiveCfg = Debug|Any CPU
		{FB107B2D-AB90-4542-A148-20FC1825B5CD}.Debug|Any CPU.Build.0 = Debug|Any CPU
		{FB107B2D-AB90-4542-A148-20FC1825B5CD}.Release|Any CPU.ActiveCfg = Release|Any CPU
		{FB107B2D-AB90-4542-A148-20FC1825B5CD}.Release|Any CPU.Build.0 = Release|Any CPU
		{52FDDE6C-E854-4D05-A28A-9185727C61C3}.Debug|Any CPU.ActiveCfg = Debug|Any CPU
		{52FDDE6C-E854-4D05-A28A-9185727C61C3}.Debug|Any CPU.Build.0 = Debug|Any CPU
		{52FDDE6C-E854-4D05-A28A-9185727C61C3}.Release|Any CPU.ActiveCfg = Release|Any CPU
		{52FDDE6C-E854-4D05-A28A-9185727C61C3}.Release|Any CPU.Build.0 = Release|Any CPU
		{36D4109A-D2D3-46D6-8533-78A0F0E255F4}.Debug|Any CPU.ActiveCfg = Debug|Any CPU
		{36D4109A-D2D3-46D6-8533-78A0F0E255F4}.Debug|Any CPU.Build.0 = Debug|Any CPU
		{36D4109A-D2D3-46D6-8533-78A0F0E255F4}.Release|Any CPU.ActiveCfg = Release|Any CPU
		{36D4109A-D2D3-46D6-8533-78A0F0E255F4}.Release|Any CPU.Build.0 = Release|Any CPU
	EndGlobalSection
	GlobalSection(SolutionProperties) = preSolution
		HideSolutionNode = FALSE
	EndGlobalSection
	GlobalSection(ExtensibilityGlobals) = postSolution
		SolutionGuid = {FA2B1FB1-E041-4371-9B2C-1DEA21DC7CD3}
	EndGlobalSection
EndGlobal
